
Microsoft Visual Studio Solution File, Format Version 12.00
# Visual Studio Version 17
VisualStudioVersion = 17.10.35027.167
MinimumVisualStudioVersion = 10.0.40219.1
Project("{FAE04EC0-301F-11D3-BF4B-00C04F79EFBC}") = "Quiz5", "Quiz5\Quiz5.csproj", "{CACC317C-BF4F-49EF-AC38-9ACF1E053FF3}"
EndProject
Global
	GlobalSection(SolutionConfigurationPlatforms) = preSolution
		Debug|Any CPU = Debug|Any CPU
		Release|Any CPU = Release|Any CPU
	EndGlobalSection
	GlobalSection(ProjectConfigurationPlatforms) = postSolution
		{CACC317C-BF4F-49EF-AC38-9ACF1E053FF3}.Debug|Any CPU.ActiveCfg = Debug|Any CPU
		{CACC317C-BF4F-49EF-AC38-9ACF1E053FF3}.Debug|Any CPU.Build.0 = Debug|Any CPU
		{CACC317C-BF4F-49EF-AC38-9ACF1E053FF3}.Release|Any CPU.ActiveCfg = Release|Any CPU
		{CACC317C-BF4F-49EF-AC38-9ACF1E053FF3}.Release|Any CPU.Build.0 = Release|Any CPU
	EndGlobalSection
	GlobalSection(SolutionProperties) = preSolution
		HideSolutionNode = FALSE
	EndGlobalSection
	GlobalSection(ExtensibilityGlobals) = postSolution
		SolutionGuid = {A7C21D7B-F268-4DC9-9BD0-5046CC751650}
	EndGlobalSection
EndGlobal
